<?xml version="1.0" encoding="utf-8"?>
<Project ToolsVersion="4.0" xmlns="http://schemas.microsoft.com/developer/msbuild/2003">
  <ItemGroup>
    <Filter Include="common">
      <UniqueIdentifier>{93995380-89BD-4b04-88EB-625FBE52EBFB}</UniqueIdentifier>
      <Extensions>h;hh;hpp;hxx;h++;hm;inl;inc;ipp;xsd</Extensions>
    </Filter>
    <Filter Include="source">
      <UniqueIdentifier>{4FC737F1-C7A5-4376-A066-2A32D752A2FF}</UniqueIdentifier>
      <Extensions>cpp;c;cc;cxx;c++;cppm;ixx;def;odl;idl;hpj;bat;asm;asmx</Extensions>
    </Filter>
    <Filter Include="DX11Instance">
      <UniqueIdentifier>{3bd543be-52f4-4f5d-81a5-a37ad3f124b4}</UniqueIdentifier>
    </Filter>
  </ItemGroup>
  <ItemGroup>
    <ClCompile Include="dllmain.cpp">
      <Filter>source</Filter>
    </ClCompile>
    <ClCompile Include="DX11GraphicInstanceImpl.cpp">
      <Filter>DX11Instance</Filter>
    </ClCompile>
    <ClCompile Include="DX11GraphicAPI.cpp">
      <Filter>DX11Instance</Filter>
    </ClCompile>
    <ClCompile Include="DX11GraphicInstanceContext.cpp">
      <Filter>DX11Instance</Filter>
    </ClCompile>
    <ClCompile Include="WindowsVersion.cpp">
      <Filter>source</Filter>
    </ClCompile>
    <ClCompile Include="EnumAdapter.cpp">
      <Filter>source</Filter>
    </ClCompile>
    <ClCompile Include="DXDefine.cpp">
      <Filter>source</Filter>
    </ClCompile>
  </ItemGroup>
  <ItemGroup>
    <ClInclude Include="common\ComPtr.hpp">
      <Filter>common</Filter>
    </ClInclude>
    <ClInclude Include="DX11GraphicInstanceImpl.h">
      <Filter>DX11Instance</Filter>
    </ClInclude>
    <ClInclude Include="export\DX11GraphicInstance.h">
      <Filter>DX11Instance</Filter>
    </ClInclude>
    <ClInclude Include="export\DX11GraphicAPI.h">
      <Filter>DX11Instance</Filter>
    </ClInclude>
    <ClInclude Include="WindowsVersion.h">
      <Filter>source</Filter>
    </ClInclude>
    <ClInclude Include="DXDefine.h">
      <Filter>source</Filter>
    </ClInclude>
    <ClInclude Include="EnumAdapter.h">
      <Filter>source</Filter>
    </ClInclude>
  </ItemGroup>
</Project>